# This file is automatically @generated by Cargo.
# It is not intended for manual editing.
version = 3

[[package]]
name = "daywatch"
version = "0.1.0"

[[package]]
name = "daywatch-cli"
version = "0.1.0"

[[package]]
name = "daywatch-core"
version = "0.1.0"

[[package]]
name = "daywatch-newtypes"
version = "0.1.0"

[[package]]
name = "hello-world"
version = "0.1.0"
